
Microsoft Visual Studio Solution File, Format Version 12.00
# Visual Studio 15
VisualStudioVersion = 15.0.27004.2002
MinimumVisualStudioVersion = 10.0.40219.1
Project("{8BC9CEB8-8B4A-11D0-8D11-00A0C91BC942}") = "Chess", "Chess.vcxproj", "{DBCA2BB3-F056-4EA7-A8DA-B4FD7829D2DA}"
EndProject
Global
	GlobalSection(SolutionConfigurationPlatforms) = preSolution
		Debug|x64 = Debug|x64
		Debug|x86 = Debug|x86
		Release|x64 = Release|x64
		Release|x86 = Release|x86
	EndGlobalSection
	GlobalSection(ProjectConfigurationPlatforms) = postSolution
		{DBCA2BB3-F056-4EA7-A8DA-B4FD7829D2DA}.Debug|x64.ActiveCfg = Debug|x64
		{DBCA2BB3-F056-4EA7-A8DA-B4FD7829D2DA}.Debug|x64.Build.0 = Debug|x64
		{DBCA2BB3-F056-4EA7-A8DA-B4FD7829D2DA}.Debug|x86.ActiveCfg = Debug|Win32
		{DBCA2BB3-F056-4EA7-A8DA-B4FD7829D2DA}.Debug|x86.Build.0 = Debug|Win32
		{DBCA2BB3-F056-4EA7-A8DA-B4FD7829D2DA}.Release|x64.ActiveCfg = Release|x64
		{DBCA2BB3-F056-4EA7-A8DA-B4FD7829D2DA}.Release|x64.Build.0 = Release|x64
		{DBCA2BB3-F056-4EA7-A8DA-B4FD7829D2DA}.Release|x86.ActiveCfg = Release|Win32
		{DBCA2BB3-F056-4EA7-A8DA-B4FD7829D2DA}.Release|x86.Build.0 = Release|Win32
	EndGlobalSection
	GlobalSection(SolutionProperties) = preSolution
		HideSolutionNode = FALSE
	EndGlobalSection
	GlobalSection(ExtensibilityGlobals) = postSolution
		SolutionGuid = {2727BA4B-8E9E-4651-963D-5A0E46BDD720}
	EndGlobalSection
EndGlobal
